// !$*UTF8*$!
{
	archiveVersion = 1;
	classes = {
	};
	objectVersion = 77;
	objects = {

/* Begin PBXBuildFile section */
		ECB978372CBD310A00FF3D03 /* ConfettiView in Frameworks */ = {isa = PBXBuildFile; productRef = ECB978362CBD310A00FF3D03 /* ConfettiView */; };
/* End PBXBuildFile section */

/* Begin PBXContainerItemProxy section */
		ECF1825C2CB5812D0046A18E /* PBXContainerItemProxy */ = {
			isa = PBXContainerItemProxy;
			containerPortal = ECF182432CB5812B0046A18E /* Project object */;
			proxyType = 1;
			remoteGlobalIDString = ECF1824A2CB5812B0046A18E;
			remoteInfo = lethimcook;
		};
		ECF182662CB5812D0046A18E /* PBXContainerItemProxy */ = {
			isa = PBXContainerItemProxy;
			containerPortal = ECF182432CB5812B0046A18E /* Project object */;
			proxyType = 1;
			remoteGlobalIDString = ECF1824A2CB5812B0046A18E;
			remoteInfo = lethimcook;
		};
/* End PBXContainerItemProxy section */

/* Begin PBXFileReference section */
		ECF1824B2CB5812B0046A18E /* lethimcook.app */ = {isa = PBXFileReference; explicitFileType = wrapper.application; includeInIndex = 0; path = lethimcook.app; sourceTree = BUILT_PRODUCTS_DIR; };
		ECF1825B2CB5812D0046A18E /* lethimcookTests.xctest */ = {isa = PBXFileReference; explicitFileType = wrapper.cfbundle; includeInIndex = 0; path = lethimcookTests.xctest; sourceTree = BUILT_PRODUCTS_DIR; };
		ECF182652CB5812D0046A18E /* lethimcookUITests.xctest */ = {isa = PBXFileReference; explicitFileType = wrapper.cfbundle; includeInIndex = 0; path = lethimcookUITests.xctest; sourceTree = BUILT_PRODUCTS_DIR; };
/* End PBXFileReference section */

/* Begin PBXFileSystemSynchronizedBuildFileExceptionSet section */
		ECB9782A2CBD2A5C00FF3D03 /* Exceptions for "lethimcook" folder in "lethimcook" target */ = {
			isa = PBXFileSystemSynchronizedBuildFileExceptionSet;
			membershipExceptions = (
				Info.plist,
			);
			target = ECF1824A2CB5812B0046A18E /* lethimcook */;
		};
		ECB9782F2CBD2AEF00FF3D03 /* Exceptions for "lethimcook" folder in "lethimcookTests" target */ = {
			isa = PBXFileSystemSynchronizedBuildFileExceptionSet;
			membershipExceptions = (
				fonts/BaksoSapi.otf,
				"fonts/Onest-Bold.ttf",
			);
			target = ECF1825A2CB5812D0046A18E /* lethimcookTests */;
		};
		ECB978302CBD2AEF00FF3D03 /* Exceptions for "lethimcook" folder in "lethimcookUITests" target */ = {
			isa = PBXFileSystemSynchronizedBuildFileExceptionSet;
			membershipExceptions = (
				fonts/BaksoSapi.otf,
				"fonts/Onest-Bold.ttf",
			);
			target = ECF182642CB5812D0046A18E /* lethimcookUITests */;
		};
/* End PBXFileSystemSynchronizedBuildFileExceptionSet section */

/* Begin PBXFileSystemSynchronizedRootGroup section */
		ECF1824D2CB5812B0046A18E /* lethimcook */ = {
			isa = PBXFileSystemSynchronizedRootGroup;
			exceptions = (
				ECB9782A2CBD2A5C00FF3D03 /* Exceptions for "lethimcook" folder in "lethimcook" target */,
				ECB9782F2CBD2AEF00FF3D03 /* Exceptions for "lethimcook" folder in "lethimcookTests" target */,
				ECB978302CBD2AEF00FF3D03 /* Exceptions for "lethimcook" folder in "lethimcookUITests" target */,
			);
			path = lethimcook;
			sourceTree = "<group>";
		};
		ECF1825E2CB5812D0046A18E /* lethimcookTests */ = {
			isa = PBXFileSystemSynchronizedRootGroup;
			path = lethimcookTests;
			sourceTree = "<group>";
		};
		ECF182682CB5812D0046A18E /* lethimcookUITests */ = {
			isa = PBXFileSystemSynchronizedRootGroup;
			path = lethimcookUITests;
			sourceTree = "<group>";
		};
/* End PBXFileSystemSynchronizedRootGroup section */

/* Begin PBXFrameworksBuildPhase section */
		ECF182482CB5812B0046A18E /* Frameworks */ = {
			isa = PBXFrameworksBuildPhase;
			buildActionMask = 2147483647;
			files = (
				ECB978372CBD310A00FF3D03 /* ConfettiView in Frameworks */,
			);
			runOnlyForDeploymentPostprocessing = 0;
		};
		ECF182582CB5812D0046A18E /* Frameworks */ = {
			isa = PBXFrameworksBuildPhase;
			buildActionMask = 2147483647;
			files = (
			);
			runOnlyForDeploymentPostprocessing = 0;
		};
		ECF182622CB5812D0046A18E /* Frameworks */ = {
			isa = PBXFrameworksBuildPhase;
			buildActionMask = 2147483647;
			files = (
			);
			runOnlyForDeploymentPostprocessing = 0;
		};
/* End PBXFrameworksBuildPhase section */

/* Begin PBXGroup section */
		ECF182422CB5812B0046A18E = {
			isa = PBXGroup;
			children = (
				ECF1824D2CB5812B0046A18E /* lethimcook */,
				ECF1825E2CB5812D0046A18E /* lethimcookTests */,
				ECF182682CB5812D0046A18E /* lethimcookUITests */,
				ECF1824C2CB5812B0046A18E /* Products */,
			);
			sourceTree = "<group>";
		};
		ECF1824C2CB5812B0046A18E /* Products */ = {
			isa = PBXGroup;
			children = (
				ECF1824B2CB5812B0046A18E /* lethimcook.app */,
				ECF1825B2CB5812D0046A18E /* lethimcookTests.xctest */,
				ECF182652CB5812D0046A18E /* lethimcookUITests.xctest */,
			);
			name = Products;
			sourceTree = "<group>";
		};
/* End PBXGroup section */

/* Begin PBXNativeTarget section */
		ECF1824A2CB5812B0046A18E /* lethimcook */ = {
			isa = PBXNativeTarget;
			buildConfigurationList = ECF1826F2CB5812D0046A18E /* Build configuration list for PBXNativeTarget "lethimcook" */;
			buildPhases = (
				ECF182472CB5812B0046A18E /* Sources */,
				ECF182482CB5812B0046A18E /* Frameworks */,
				ECF182492CB5812B0046A18E /* Resources */,
				EC96D6E62CB7C1B2001A88A2 /* ShellScript */,
			);
			buildRules = (
			);
			dependencies = (
			);
			fileSystemSynchronizedGroups = (
				ECF1824D2CB5812B0046A18E /* lethimcook */,
			);
			name = lethimcook;
			packageProductDependencies = (
				ECB978362CBD310A00FF3D03 /* ConfettiView */,
			);
			productName = lethimcook;
			productReference = ECF1824B2CB5812B0046A18E /* lethimcook.app */;
			productType = "com.apple.product-type.application";
		};
		ECF1825A2CB5812D0046A18E /* lethimcookTests */ = {
			isa = PBXNativeTarget;
			buildConfigurationList = ECF182722CB5812D0046A18E /* Build configuration list for PBXNativeTarget "lethimcookTests" */;
			buildPhases = (
				ECF182572CB5812D0046A18E /* Sources */,
				ECF182582CB5812D0046A18E /* Frameworks */,
				ECF182592CB5812D0046A18E /* Resources */,
			);
			buildRules = (
			);
			dependencies = (
				ECF1825D2CB5812D0046A18E /* PBXTargetDependency */,
			);
			fileSystemSynchronizedGroups = (
				ECF1825E2CB5812D0046A18E /* lethimcookTests */,
			);
			name = lethimcookTests;
			packageProductDependencies = (
			);
			productName = lethimcookTests;
			productReference = ECF1825B2CB5812D0046A18E /* lethimcookTests.xctest */;
			productType = "com.apple.product-type.bundle.unit-test";
		};
		ECF182642CB5812D0046A18E /* lethimcookUITests */ = {
			isa = PBXNativeTarget;
			buildConfigurationList = ECF182752CB5812D0046A18E /* Build configuration list for PBXNativeTarget "lethimcookUITests" */;
			buildPhases = (
				ECF182612CB5812D0046A18E /* Sources */,
				ECF182622CB5812D0046A18E /* Frameworks */,
				ECF182632CB5812D0046A18E /* Resources */,
			);
			buildRules = (
			);
			dependencies = (
				ECF182672CB5812D0046A18E /* PBXTargetDependency */,
			);
			fileSystemSynchronizedGroups = (
				ECF182682CB5812D0046A18E /* lethimcookUITests */,
			);
			name = lethimcookUITests;
			packageProductDependencies = (
			);
			productName = lethimcookUITests;
			productReference = ECF182652CB5812D0046A18E /* lethimcookUITests.xctest */;
			productType = "com.apple.product-type.bundle.ui-testing";
		};
/* End PBXNativeTarget section */

/* Begin PBXProject section */
		ECF182432CB5812B0046A18E /* Project object */ = {
			isa = PBXProject;
			attributes = {
				BuildIndependentTargetsInParallel = 1;
				LastSwiftUpdateCheck = 1600;
				LastUpgradeCheck = 1600;
				TargetAttributes = {
					ECF1824A2CB5812B0046A18E = {
						CreatedOnToolsVersion = 16.0;
					};
					ECF1825A2CB5812D0046A18E = {
						CreatedOnToolsVersion = 16.0;
						TestTargetID = ECF1824A2CB5812B0046A18E;
					};
					ECF182642CB5812D0046A18E = {
						CreatedOnToolsVersion = 16.0;
						TestTargetID = ECF1824A2CB5812B0046A18E;
					};
				};
			};
			buildConfigurationList = ECF182462CB5812B0046A18E /* Build configuration list for PBXProject "lethimcook" */;
			developmentRegion = en;
			hasScannedForEncodings = 0;
			knownRegions = (
				en,
				Base,
			);
			mainGroup = ECF182422CB5812B0046A18E;
			minimizedProjectReferenceProxies = 1;
			packageReferences = (
				ECB978352CBD310A00FF3D03 /* XCRemoteSwiftPackageReference "ConfettiView" */,
			);
			preferredProjectObjectVersion = 77;
			productRefGroup = ECF1824C2CB5812B0046A18E /* Products */;
			projectDirPath = "";
			projectRoot = "";
			targets = (
				ECF1824A2CB5812B0046A18E /* lethimcook */,
				ECF1825A2CB5812D0046A18E /* lethimcookTests */,
				ECF182642CB5812D0046A18E /* lethimcookUITests */,
			);
		};
/* End PBXProject section */

/* Begin PBXResourcesBuildPhase section */
		ECF182492CB5812B0046A18E /* Resources */ = {
			isa = PBXResourcesBuildPhase;
			buildActionMask = 2147483647;
			files = (
			);
			runOnlyForDeploymentPostprocessing = 0;
		};
		ECF182592CB5812D0046A18E /* Resources */ = {
			isa = PBXResourcesBuildPhase;
			buildActionMask = 2147483647;
			files = (
			);
			runOnlyForDeploymentPostprocessing = 0;
		};
		ECF182632CB5812D0046A18E /* Resources */ = {
			isa = PBXResourcesBuildPhase;
			buildActionMask = 2147483647;
			files = (
			);
			runOnlyForDeploymentPostprocessing = 0;
		};
/* End PBXResourcesBuildPhase section */

/* Begin PBXShellScriptBuildPhase section */
		EC96D6E62CB7C1B2001A88A2 /* ShellScript */ = {
			isa = PBXShellScriptBuildPhase;
			buildActionMask = 2147483647;
			files = (
			);
			inputFileListPaths = (
			);
			inputPaths = (
			);
			outputFileListPaths = (
			);
			outputPaths = (
			);
			runOnlyForDeploymentPostprocessing = 0;
			shellPath = /bin/sh;
			shellScript = "# Type a script or drag a script file from your workspace to insert its path.\nif [[ \"$(uname -m)\" == arm64 ]]; then\n    export PATH=\"/opt/homebrew/bin:$PATH\"\nfi\nif which swiftlint > /dev/null; then\n    swiftlint\nelse\n    echo \"warning: SwiftLint not installed, download from https://github.com/realm/SwiftLint\"\nfi\n";
		};
/* End PBXShellScriptBuildPhase section */

/* Begin PBXSourcesBuildPhase section */
		ECF182472CB5812B0046A18E /* Sources */ = {
			isa = PBXSourcesBuildPhase;
			buildActionMask = 2147483647;
			files = (
			);
			runOnlyForDeploymentPostprocessing = 0;
		};
		ECF182572CB5812D0046A18E /* Sources */ = {
			isa = PBXSourcesBuildPhase;
			buildActionMask = 2147483647;
			files = (
			);
			runOnlyForDeploymentPostprocessing = 0;
		};
		ECF182612CB5812D0046A18E /* Sources */ = {
			isa = PBXSourcesBuildPhase;
			buildActionMask = 2147483647;
			files = (
			);
			runOnlyForDeploymentPostprocessing = 0;
		};
/* End PBXSourcesBuildPhase section */

/* Begin PBXTargetDependency section */
		ECF1825D2CB5812D0046A18E /* PBXTargetDependency */ = {
			isa = PBXTargetDependency;
			target = ECF1824A2CB5812B0046A18E /* lethimcook */;
			targetProxy = ECF1825C2CB5812D0046A18E /* PBXContainerItemProxy */;
		};
		ECF182672CB5812D0046A18E /* PBXTargetDependency */ = {
			isa = PBXTargetDependency;
			target = ECF1824A2CB5812B0046A18E /* lethimcook */;
			targetProxy = ECF182662CB5812D0046A18E /* PBXContainerItemProxy */;
		};
/* End PBXTargetDependency section */

/* Begin XCBuildConfiguration section */
		ECF1826D2CB5812D0046A18E /* Debug */ = {
			isa = XCBuildConfiguration;
			buildSettings = {
				ALWAYS_SEARCH_USER_PATHS = NO;
				ASSETCATALOG_COMPILER_GENERATE_SWIFT_ASSET_SYMBOL_EXTENSIONS = YES;
				CLANG_ANALYZER_NONNULL = YES;
				CLANG_ANALYZER_NUMBER_OBJECT_CONVERSION = YES_AGGRESSIVE;
				CLANG_CXX_LANGUAGE_STANDARD = "gnu++20";
				CLANG_ENABLE_MODULES = YES;
				CLANG_ENABLE_OBJC_ARC = YES;
				CLANG_ENABLE_OBJC_WEAK = YES;
				CLANG_WARN_BLOCK_CAPTURE_AUTORELEASING = YES;
				CLANG_WARN_BOOL_CONVERSION = YES;
				CLANG_WARN_COMMA = YES;
				CLANG_WARN_CONSTANT_CONVERSION = YES;
				CLANG_WARN_DEPRECATED_OBJC_IMPLEMENTATIONS = YES;
				CLANG_WARN_DIRECT_OBJC_ISA_USAGE = YES_ERROR;
				CLANG_WARN_DOCUMENTATION_COMMENTS = YES;
				CLANG_WARN_EMPTY_BODY = YES;
				CLANG_WARN_ENUM_CONVERSION = YES;
				CLANG_WARN_INFINITE_RECURSION = YES;
				CLANG_WARN_INT_CONVERSION = YES;
				CLANG_WARN_NON_LITERAL_NULL_CONVERSION = YES;
				CLANG_WARN_OBJC_IMPLICIT_RETAIN_SELF = YES;
				CLANG_WARN_OBJC_LITERAL_CONVERSION = YES;
				CLANG_WARN_OBJC_ROOT_CLASS = YES_ERROR;
				CLANG_WARN_QUOTED_INCLUDE_IN_FRAMEWORK_HEADER = YES;
				CLANG_WARN_RANGE_LOOP_ANALYSIS = YES;
				CLANG_WARN_STRICT_PROTOTYPES = YES;
				CLANG_WARN_SUSPICIOUS_MOVE = YES;
				CLANG_WARN_UNGUARDED_AVAILABILITY = YES_AGGRESSIVE;
				CLANG_WARN_UNREACHABLE_CODE = YES;
				CLANG_WARN__DUPLICATE_METHOD_MATCH = YES;
				COPY_PHASE_STRIP = NO;
				DEBUG_INFORMATION_FORMAT = dwarf;
				ENABLE_STRICT_OBJC_MSGSEND = YES;
				ENABLE_TESTABILITY = YES;
				ENABLE_USER_SCRIPT_SANDBOXING = YES;
				GCC_C_LANGUAGE_STANDARD = gnu17;
				GCC_DYNAMIC_NO_PIC = NO;
				GCC_NO_COMMON_BLOCKS = YES;
				GCC_OPTIMIZATION_LEVEL = 0;
				GCC_PREPROCESSOR_DEFINITIONS = (
					"DEBUG=1",
					"$(inherited)",
				);
				GCC_WARN_64_TO_32_BIT_CONVERSION = YES;
				GCC_WARN_ABOUT_RETURN_TYPE = YES_ERROR;
				GCC_WARN_UNDECLARED_SELECTOR = YES;
				GCC_WARN_UNINITIALIZED_AUTOS = YES_AGGRESSIVE;
				GCC_WARN_UNUSED_FUNCTION = YES;
				GCC_WARN_UNUSED_VARIABLE = YES;
				IPHONEOS_DEPLOYMENT_TARGET = 18.0;
				LOCALIZATION_PREFERS_STRING_CATALOGS = YES;
				MTL_ENABLE_DEBUG_INFO = INCLUDE_SOURCE;
				MTL_FAST_MATH = YES;
				ONLY_ACTIVE_ARCH = YES;
				SDKROOT = iphoneos;
				SWIFT_ACTIVE_COMPILATION_CONDITIONS = "DEBUG $(inherited)";
				SWIFT_OPTIMIZATION_LEVEL = "-Onone";
			};
			name = Debug;
		};
		ECF1826E2CB5812D0046A18E /* Release */ = {
			isa = XCBuildConfiguration;
			buildSettings = {
				ALWAYS_SEARCH_USER_PATHS = NO;
				ASSETCATALOG_COMPILER_GENERATE_SWIFT_ASSET_SYMBOL_EXTENSIONS = YES;
				CLANG_ANALYZER_NONNULL = YES;
				CLANG_ANALYZER_NUMBER_OBJECT_CONVERSION = YES_AGGRESSIVE;
				CLANG_CXX_LANGUAGE_STANDARD = "gnu++20";
				CLANG_ENABLE_MODULES = YES;
				CLANG_ENABLE_OBJC_ARC = YES;
				CLANG_ENABLE_OBJC_WEAK = YES;
				CLANG_WARN_BLOCK_CAPTURE_AUTORELEASING = YES;
				CLANG_WARN_BOOL_CONVERSION = YES;
				CLANG_WARN_COMMA = YES;
				CLANG_WARN_CONSTANT_CONVERSION = YES;
				CLANG_WARN_DEPRECATED_OBJC_IMPLEMENTATIONS = YES;
				CLANG_WARN_DIRECT_OBJC_ISA_USAGE = YES_ERROR;
				CLANG_WARN_DOCUMENTATION_COMMENTS = YES;
				CLANG_WARN_EMPTY_BODY = YES;
				CLANG_WARN_ENUM_CONVERSION = YES;
				CLANG_WARN_INFINITE_RECURSION = YES;
				CLANG_WARN_INT_CONVERSION = YES;
				CLANG_WARN_NON_LITERAL_NULL_CONVERSION = YES;
				CLANG_WARN_OBJC_IMPLICIT_RETAIN_SELF = YES;
				CLANG_WARN_OBJC_LITERAL_CONVERSION = YES;
				CLANG_WARN_OBJC_ROOT_CLASS = YES_ERROR;
				CLANG_WARN_QUOTED_INCLUDE_IN_FRAMEWORK_HEADER = YES;
				CLANG_WARN_RANGE_LOOP_ANALYSIS = YES;
				CLANG_WARN_STRICT_PROTOTYPES = YES;
				CLANG_WARN_SUSPICIOUS_MOVE = YES;
				CLANG_WARN_UNGUARDED_AVAILABILITY = YES_AGGRESSIVE;
				CLANG_WARN_UNREACHABLE_CODE = YES;
				CLANG_WARN__DUPLICATE_METHOD_MATCH = YES;
				COPY_PHASE_STRIP = NO;
				DEBUG_INFORMATION_FORMAT = "dwarf-with-dsym";
				ENABLE_NS_ASSERTIONS = NO;
				ENABLE_STRICT_OBJC_MSGSEND = YES;
				ENABLE_USER_SCRIPT_SANDBOXING = YES;
				GCC_C_LANGUAGE_STANDARD = gnu17;
				GCC_NO_COMMON_BLOCKS = YES;
				GCC_WARN_64_TO_32_BIT_CONVERSION = YES;
				GCC_WARN_ABOUT_RETURN_TYPE = YES_ERROR;
				GCC_WARN_UNDECLARED_SELECTOR = YES;
				GCC_WARN_UNINITIALIZED_AUTOS = YES_AGGRESSIVE;
				GCC_WARN_UNUSED_FUNCTION = YES;
				GCC_WARN_UNUSED_VARIABLE = YES;
				IPHONEOS_DEPLOYMENT_TARGET = 18.0;
				LOCALIZATION_PREFERS_STRING_CATALOGS = YES;
				MTL_ENABLE_DEBUG_INFO = NO;
				MTL_FAST_MATH = YES;
				SDKROOT = iphoneos;
				SWIFT_COMPILATION_MODE = wholemodule;
				VALIDATE_PRODUCT = YES;
			};
			name = Release;
		};
		ECF182702CB5812D0046A18E /* Debug */ = {
			isa = XCBuildConfiguration;
			buildSettings = {
				ASSETCATALOG_COMPILER_APPICON_NAME = AppIcon;
				ASSETCATALOG_COMPILER_GLOBAL_ACCENT_COLOR_NAME = AccentColor;
				CODE_SIGN_STYLE = Automatic;
				CURRENT_PROJECT_VERSION = 1;
				DEVELOPMENT_ASSET_PATHS = "\"lethimcook/Preview Content\"";
				DEVELOPMENT_TEAM = J9WAU8AUYS;
				ENABLE_PREVIEWS = YES;
				ENABLE_USER_SCRIPT_SANDBOXING = NO;
				GENERATE_INFOPLIST_FILE = YES;
				INFOPLIST_FILE = lethimcook/Info.plist;
				INFOPLIST_KEY_UIApplicationSceneManifest_Generation = YES;
				INFOPLIST_KEY_UIApplicationSupportsIndirectInputEvents = YES;
				INFOPLIST_KEY_UILaunchScreen_Generation = YES;
				INFOPLIST_KEY_UISupportedInterfaceOrientations_iPad = "UIInterfaceOrientationPortrait UIInterfaceOrientationPortraitUpsideDown UIInterfaceOrientationLandscapeLeft UIInterfaceOrientationLandscapeRight";
				INFOPLIST_KEY_UISupportedInterfaceOrientations_iPhone = "UIInterfaceOrientationPortrait UIInterfaceOrientationLandscapeLeft UIInterfaceOrientationLandscapeRight";
				LD_RUNPATH_SEARCH_PATHS = (
					"$(inherited)",
					"@executable_path/Frameworks",
				);
				MARKETING_VERSION = 1.0;
				PRODUCT_BUNDLE_IDENTIFIER = com.christiandevin.lethimcook;
				PRODUCT_NAME = "$(TARGET_NAME)";
				SWIFT_EMIT_LOC_STRINGS = YES;
				SWIFT_VERSION = 5.0;
				TARGETED_DEVICE_FAMILY = "1,2";
			};
			name = Debug;
		};
		ECF182712CB5812D0046A18E /* Release */ = {
			isa = XCBuildConfiguration;
			buildSettings = {
				ASSETCATALOG_COMPILER_APPICON_NAME = AppIcon;
				ASSETCATALOG_COMPILER_GLOBAL_ACCENT_COLOR_NAME = AccentColor;
				CODE_SIGN_STYLE = Automatic;
				CURRENT_PROJECT_VERSION = 1;
				DEVELOPMENT_ASSET_PATHS = "\"lethimcook/Preview Content\"";
				DEVELOPMENT_TEAM = J9WAU8AUYS;
				ENABLE_PREVIEWS = YES;
				ENABLE_USER_SCRIPT_SANDBOXING = NO;
				GENERATE_INFOPLIST_FILE = YES;
				INFOPLIST_FILE = lethimcook/Info.plist;
				INFOPLIST_KEY_UIApplicationSceneManifest_Generation = YES;
				INFOPLIST_KEY_UIApplicationSupportsIndirectInputEvents = YES;
				INFOPLIST_KEY_UILaunchScreen_Generation = YES;
				INFOPLIST_KEY_UISupportedInterfaceOrientations_iPad = "UIInterfaceOrientationPortrait UIInterfaceOrientationPortraitUpsideDown UIInterfaceOrientationLandscapeLeft UIInterfaceOrientationLandscapeRight";
				INFOPLIST_KEY_UISupportedInterfaceOrientations_iPhone = "UIInterfaceOrientationPortrait UIInterfaceOrientationLandscapeLeft UIInterfaceOrientationLandscapeRight";
				LD_RUNPATH_SEARCH_PATHS = (
					"$(inherited)",
					"@executable_path/Frameworks",
				);
				MARKETING_VERSION = 1.0;
				PRODUCT_BUNDLE_IDENTIFIER = com.christiandevin.lethimcook;
				PRODUCT_NAME = "$(TARGET_NAME)";
				SWIFT_EMIT_LOC_STRINGS = YES;
				SWIFT_VERSION = 5.0;
				TARGETED_DEVICE_FAMILY = "1,2";
			};
			name = Release;
		};
		ECF182732CB5812D0046A18E /* Debug */ = {
			isa = XCBuildConfiguration;
			buildSettings = {
				BUNDLE_LOADER = "$(TEST_HOST)";
				CODE_SIGN_STYLE = Automatic;
				CURRENT_PROJECT_VERSION = 1;
				DEVELOPMENT_TEAM = T7PP2KY2B6;
				GENERATE_INFOPLIST_FILE = YES;
				IPHONEOS_DEPLOYMENT_TARGET = 18.0;
				MARKETING_VERSION = 1.0;
				PRODUCT_BUNDLE_IDENTIFIER = com.christiandevin.lethimcookTests;
				PRODUCT_NAME = "$(TARGET_NAME)";
				SWIFT_EMIT_LOC_STRINGS = NO;
				SWIFT_VERSION = 5.0;
				TARGETED_DEVICE_FAMILY = "1,2";
				TEST_HOST = "$(BUILT_PRODUCTS_DIR)/lethimcook.app/$(BUNDLE_EXECUTABLE_FOLDER_PATH)/lethimcook";
			};
			name = Debug;
		};
		ECF182742CB5812D0046A18E /* Release */ = {
			isa = XCBuildConfiguration;
			buildSettings = {
				BUNDLE_LOADER = "$(TEST_HOST)";
				CODE_SIGN_STYLE = Automatic;
				CURRENT_PROJECT_VERSION = 1;
				DEVELOPMENT_TEAM = T7PP2KY2B6;
				GENERATE_INFOPLIST_FILE = YES;
				IPHONEOS_DEPLOYMENT_TARGET = 18.0;
				MARKETING_VERSION = 1.0;
				PRODUCT_BUNDLE_IDENTIFIER = com.christiandevin.lethimcookTests;
				PRODUCT_NAME = "$(TARGET_NAME)";
				SWIFT_EMIT_LOC_STRINGS = NO;
				SWIFT_VERSION = 5.0;
				TARGETED_DEVICE_FAMILY = "1,2";
				TEST_HOST = "$(BUILT_PRODUCTS_DIR)/lethimcook.app/$(BUNDLE_EXECUTABLE_FOLDER_PATH)/lethimcook";
			};
			name = Release;
		};
		ECF182762CB5812D0046A18E /* Debug */ = {
			isa = XCBuildConfiguration;
			buildSettings = {
				CODE_SIGN_STYLE = Automatic;
				CURRENT_PROJECT_VERSION = 1;
				DEVELOPMENT_TEAM = T7PP2KY2B6;
				GENERATE_INFOPLIST_FILE = YES;
				MARKETING_VERSION = 1.0;
				PRODUCT_BUNDLE_IDENTIFIER = com.christiandevin.lethimcookUITests;
				PRODUCT_NAME = "$(TARGET_NAME)";
				SWIFT_EMIT_LOC_STRINGS = NO;
				SWIFT_VERSION = 5.0;
				TARGETED_DEVICE_FAMILY = "1,2";
				TEST_TARGET_NAME = lethimcook;
			};
			name = Debug;
		};
		ECF182772CB5812D0046A18E /* Release */ = {
			isa = XCBuildConfiguration;
			buildSettings = {
				CODE_SIGN_STYLE = Automatic;
				CURRENT_PROJECT_VERSION = 1;
				DEVELOPMENT_TEAM = T7PP2KY2B6;
				GENERATE_INFOPLIST_FILE = YES;
				MARKETING_VERSION = 1.0;
				PRODUCT_BUNDLE_IDENTIFIER = com.christiandevin.lethimcookUITests;
				PRODUCT_NAME = "$(TARGET_NAME)";
				SWIFT_EMIT_LOC_STRINGS = NO;
				SWIFT_VERSION = 5.0;
				TARGETED_DEVICE_FAMILY = "1,2";
				TEST_TARGET_NAME = lethimcook;
			};
			name = Release;
		};
/* End XCBuildConfiguration section */

/* Begin XCConfigurationList section */
		ECF182462CB5812B0046A18E /* Build configuration list for PBXProject "lethimcook" */ = {
			isa = XCConfigurationList;
			buildConfigurations = (
				ECF1826D2CB5812D0046A18E /* Debug */,
				ECF1826E2CB5812D0046A18E /* Release */,
			);
			defaultConfigurationIsVisible = 0;
			defaultConfigurationName = Release;
		};
		ECF1826F2CB5812D0046A18E /* Build configuration list for PBXNativeTarget "lethimcook" */ = {
			isa = XCConfigurationList;
			buildConfigurations = (
				ECF182702CB5812D0046A18E /* Debug */,
				ECF182712CB5812D0046A18E /* Release */,
			);
			defaultConfigurationIsVisible = 0;
			defaultConfigurationName = Release;
		};
		ECF182722CB5812D0046A18E /* Build configuration list for PBXNativeTarget "lethimcookTests" */ = {
			isa = XCConfigurationList;
			buildConfigurations = (
				ECF182732CB5812D0046A18E /* Debug */,
				ECF182742CB5812D0046A18E /* Release */,
			);
			defaultConfigurationIsVisible = 0;
			defaultConfigurationName = Release;
		};
		ECF182752CB5812D0046A18E /* Build configuration list for PBXNativeTarget "lethimcookUITests" */ = {
			isa = XCConfigurationList;
			buildConfigurations = (
				ECF182762CB5812D0046A18E /* Debug */,
				ECF182772CB5812D0046A18E /* Release */,
			);
			defaultConfigurationIsVisible = 0;
			defaultConfigurationName = Release;
		};
/* End XCConfigurationList section */

/* Begin XCRemoteSwiftPackageReference section */
		ECB978352CBD310A00FF3D03 /* XCRemoteSwiftPackageReference "ConfettiView" */ = {
			isa = XCRemoteSwiftPackageReference;
			repositoryURL = "https://github.com/ziligy/ConfettiView";
			requirement = {
				kind = upToNextMajorVersion;
				minimumVersion = 1.1.0;
			};
		};
/* End XCRemoteSwiftPackageReference section */

/* Begin XCSwiftPackageProductDependency section */
		ECB978362CBD310A00FF3D03 /* ConfettiView */ = {
			isa = XCSwiftPackageProductDependency;
			package = ECB978352CBD310A00FF3D03 /* XCRemoteSwiftPackageReference "ConfettiView" */;
			productName = ConfettiView;
		};
/* End XCSwiftPackageProductDependency section */
	};
	rootObject = ECF182432CB5812B0046A18E /* Project object */;
}
